
Microsoft Visual Studio Solution File, Format Version 12.00
# Visual Studio Version 17
VisualStudioVersion = 17.7.34024.191
MinimumVisualStudioVersion = 10.0.40219.1
Project("{8BC9CEB8-8B4A-11D0-8D11-00A0C91BC942}") = "C++ RUSHHOUR", "C++ RUSHHOUR.vcxproj", "{460C9803-DAC8-4059-94DD-BE3A458453F0}"
EndProject
Global
	GlobalSection(SolutionConfigurationPlatforms) = preSolution
		Debug|x64 = Debug|x64
		Debug|x86 = Debug|x86
		Release|x64 = Release|x64
		Release|x86 = Release|x86
	EndGlobalSection
	GlobalSection(ProjectConfigurationPlatforms) = postSolution
		{460C9803-DAC8-4059-94DD-BE3A458453F0}.Debug|x64.ActiveCfg = Debug|x64
		{460C9803-DAC8-4059-94DD-BE3A458453F0}.Debug|x64.Build.0 = Debug|x64
		{460C9803-DAC8-4059-94DD-BE3A458453F0}.Debug|x86.ActiveCfg = Debug|Win32
		{460C9803-DAC8-4059-94DD-BE3A458453F0}.Debug|x86.Build.0 = Debug|Win32
		{460C9803-DAC8-4059-94DD-BE3A458453F0}.Release|x64.ActiveCfg = Release|x64
		{460C9803-DAC8-4059-94DD-BE3A458453F0}.Release|x64.Build.0 = Release|x64
		{460C9803-DAC8-4059-94DD-BE3A458453F0}.Release|x86.ActiveCfg = Release|Win32
		{460C9803-DAC8-4059-94DD-BE3A458453F0}.Release|x86.Build.0 = Release|Win32
	EndGlobalSection
	GlobalSection(SolutionProperties) = preSolution
		HideSolutionNode = FALSE
	EndGlobalSection
	GlobalSection(ExtensibilityGlobals) = postSolution
		SolutionGuid = {96320F97-0537-4B16-B94B-F72CAB25A77A}
	EndGlobalSection
EndGlobal
